{
  "name": "lbry-format",
  "version": "0.1.0",
  "lockfileVersion": 1,
  "requires": true,
  "dependencies": {
    "zstd-codec": {
      "version": "0.1.1",
      "resolved": "https://registry.npmjs.org/zstd-codec/-/zstd-codec-0.1.1.tgz",
      "integrity": "sha512-9u1cihqoDPaq9Tbxneom8rleCSfz1hxXzz+RmydjOVYnlqkzoMqOpAdJ06Y/RgctUfdyuazXT2uyZMhlPb/x0Q=="
    }
  }
}
